
Microsoft Visual Studio Solution File, Format Version 12.00
# Visual Studio 15
VisualStudioVersion = 15.0.28307.136
MinimumVisualStudioVersion = 10.0.40219.1
Project("{FAE04EC0-301F-11D3-BF4B-00C04F79EFBC}") = "TheChampion", "TheChampion\TheChampion.csproj", "{FEC2EDFF-44BF-4A26-991A-3FA240E19DBE}"
EndProject
Global
	GlobalSection(SolutionConfigurationPlatforms) = preSolution
		Debug|Any CPU = Debug|Any CPU
		Release|Any CPU = Release|Any CPU
	EndGlobalSection
	GlobalSection(ProjectConfigurationPlatforms) = postSolution
		{FEC2EDFF-44BF-4A26-991A-3FA240E19DBE}.Debug|Any CPU.ActiveCfg = Debug|Any CPU
		{FEC2EDFF-44BF-4A26-991A-3FA240E19DBE}.Debug|Any CPU.Build.0 = Debug|Any CPU
		{FEC2EDFF-44BF-4A26-991A-3FA240E19DBE}.Release|Any CPU.ActiveCfg = Release|Any CPU
		{FEC2EDFF-44BF-4A26-991A-3FA240E19DBE}.Release|Any CPU.Build.0 = Release|Any CPU
	EndGlobalSection
	GlobalSection(SolutionProperties) = preSolution
		HideSolutionNode = FALSE
	EndGlobalSection
	GlobalSection(ExtensibilityGlobals) = postSolution
		SolutionGuid = {FD079B2D-CBA6-476F-83F1-9981B1D03CA9}
	EndGlobalSection
EndGlobal
