
Microsoft Visual Studio Solution File, Format Version 12.00
# Visual Studio 15
VisualStudioVersion = 15.0.28307.136
MinimumVisualStudioVersion = 10.0.40219.1
Project("{FAE04EC0-301F-11D3-BF4B-00C04F79EFBC}") = "TheChampion", "TheChampion\TheChampion.csproj", "{7677F595-9719-438B-A589-00975E12E678}"
EndProject
Global
	GlobalSection(SolutionConfigurationPlatforms) = preSolution
		Debug|Any CPU = Debug|Any CPU
		Release|Any CPU = Release|Any CPU
	EndGlobalSection
	GlobalSection(ProjectConfigurationPlatforms) = postSolution
		{7677F595-9719-438B-A589-00975E12E678}.Debug|Any CPU.ActiveCfg = Debug|Any CPU
		{7677F595-9719-438B-A589-00975E12E678}.Debug|Any CPU.Build.0 = Debug|Any CPU
		{7677F595-9719-438B-A589-00975E12E678}.Release|Any CPU.ActiveCfg = Release|Any CPU
		{7677F595-9719-438B-A589-00975E12E678}.Release|Any CPU.Build.0 = Release|Any CPU
	EndGlobalSection
	GlobalSection(SolutionProperties) = preSolution
		HideSolutionNode = FALSE
	EndGlobalSection
	GlobalSection(ExtensibilityGlobals) = postSolution
		SolutionGuid = {B5361A38-4638-4BC1-BFA6-29E23D5077D7}
	EndGlobalSection
EndGlobal
